
Microsoft Visual Studio Solution File, Format Version 12.00
# Visual Studio Version 17
VisualStudioVersion = 17.0.31903.59
MinimumVisualStudioVersion = 10.0.40219.1
Project("{2150E333-8FDC-42A3-9474-1A3956D46DE8}") = "src", "src", "{827E0CD3-B72D-47B6-A68D-7590B98EB39B}"
EndProject
Project("{2150E333-8FDC-42A3-9474-1A3956D46DE8}") = "Services", "Services", "{984BB9B3-3FA3-BE33-9484-CAC21695A33C}"
EndProject
Project("{2150E333-8FDC-42A3-9474-1A3956D46DE8}") = "UserService", "UserService", "{A52FF9A7-1006-A729-7F26-021652E10080}"
EndProject
Project("{FAE04EC0-301F-11D3-BF4B-00C04F79EFBC}") = "UserService.API", "src\Services\UserService\UserService.API\UserService.API.csproj", "{9CDF4CF0-D5EC-4B2E-A57F-7FE8C89718FF}"
EndProject
Project("{FAE04EC0-301F-11D3-BF4B-00C04F79EFBC}") = "UserService.Domain", "src\Services\UserService\UserService.Domain\UserService.Domain.csproj", "{CFC778A2-9881-4FE8-9317-4523C2A8E565}"
EndProject
Project("{FAE04EC0-301F-11D3-BF4B-00C04F79EFBC}") = "UserService.Infrastructure", "src\Services\UserService\UserService.Infrastructure\UserService.Infrastructure.csproj", "{900002CB-6BE0-41C6-883D-2B6DDA3E0978}"
EndProject
Project("{2150E333-8FDC-42A3-9474-1A3956D46DE8}") = "WalletService", "WalletService", "{3EE63175-EA2E-F0C0-7D3B-EF47A32A04AC}"
EndProject
Project("{FAE04EC0-301F-11D3-BF4B-00C04F79EFBC}") = "WalletService.API", "src\Services\WalletService\WalletService.API\WalletService.API.csproj", "{400BC518-6974-4DB5-B228-620B6E7294EE}"
EndProject
Project("{FAE04EC0-301F-11D3-BF4B-00C04F79EFBC}") = "WalletService.Domain", "src\Services\WalletService\WalletService.Domain\WalletService.Domain.csproj", "{E06E7958-6AAA-4B04-9D0E-E2C9DF5F8E91}"
EndProject
Project("{FAE04EC0-301F-11D3-BF4B-00C04F79EFBC}") = "WalletService.Infrastructure", "src\Services\WalletService\WalletService.Infrastructure\WalletService.Infrastructure.csproj", "{CC7606D4-92B1-4ED3-BA58-540E55D97697}"
EndProject
Project("{2150E333-8FDC-42A3-9474-1A3956D46DE8}") = "PaymentService", "PaymentService", "{40CB294E-2A2C-AA7D-5466-10F40F0DAD4F}"
EndProject
Project("{FAE04EC0-301F-11D3-BF4B-00C04F79EFBC}") = "PaymentService.API", "src\Services\PaymentService\PaymentService.API\PaymentService.API.csproj", "{30F6DE38-335C-4DF7-B551-625E94CE3C06}"
EndProject
Project("{FAE04EC0-301F-11D3-BF4B-00C04F79EFBC}") = "PaymentService.Domain", "src\Services\PaymentService\PaymentService.Domain\PaymentService.Domain.csproj", "{5F270271-C303-4D0C-81AD-AE00681ECC4A}"
EndProject
Project("{FAE04EC0-301F-11D3-BF4B-00C04F79EFBC}") = "PaymentService.Infrastructure", "src\Services\PaymentService\PaymentService.Infrastructure\PaymentService.Infrastructure.csproj", "{CAC1A20D-3833-4042-AB69-CADCEDB6E383}"
EndProject
Project("{2150E333-8FDC-42A3-9474-1A3956D46DE8}") = "NotificationService", "NotificationService", "{47931FAB-DBE1-FD8F-0AFF-2CD4B99C52C4}"
EndProject
Project("{FAE04EC0-301F-11D3-BF4B-00C04F79EFBC}") = "NotificationService.API", "src\Services\NotificationService\NotificationService.API\NotificationService.API.csproj", "{AF9C5E79-43B9-43FF-8D46-002C06739424}"
EndProject
Project("{FAE04EC0-301F-11D3-BF4B-00C04F79EFBC}") = "NotificationService.Domain", "src\Services\NotificationService\NotificationService.Domain\NotificationService.Domain.csproj", "{BB18BB2E-4CAC-480F-A576-5C4AFF539F18}"
EndProject
Project("{FAE04EC0-301F-11D3-BF4B-00C04F79EFBC}") = "NotificationService.Infrastructure", "src\Services\NotificationService\NotificationService.Infrastructure\NotificationService.Infrastructure.csproj", "{5CA39302-304C-44E9-8717-93B2049EEBEC}"
EndProject
Project("{2150E333-8FDC-42A3-9474-1A3956D46DE8}") = "ApiGateway", "ApiGateway", "{FCA01246-F2C6-0AA7-D43F-FD13BE0B9D88}"
EndProject
Project("{FAE04EC0-301F-11D3-BF4B-00C04F79EFBC}") = "ApiGateway", "src\ApiGateway\ApiGateway\ApiGateway.csproj", "{ED6E1A74-68D7-46F8-9425-2B62A053B438}"
EndProject
Project("{2150E333-8FDC-42A3-9474-1A3956D46DE8}") = "Shared", "Shared", "{C8E42992-5E42-0C2B-DBFE-AA848D06431C}"
EndProject
Project("{2150E333-8FDC-42A3-9474-1A3956D46DE8}") = "Common.Contracts", "Common.Contracts", "{99DA0D62-1FFF-EB8C-FA49-C94694C2E509}"
EndProject
Project("{FAE04EC0-301F-11D3-BF4B-00C04F79EFBC}") = "Common.Contracts", "src\Shared\Common.Contracts\Common.Contracts\Common.Contracts.csproj", "{F9D6879A-D050-4AAB-AB2D-C7733FC34C35}"
EndProject
Project("{2150E333-8FDC-42A3-9474-1A3956D46DE8}") = "Common.Infrastructure", "Common.Infrastructure", "{DF71C681-1998-2218-2817-E548EDC519FB}"
EndProject
Project("{FAE04EC0-301F-11D3-BF4B-00C04F79EFBC}") = "Common.Infrastructure", "src\Shared\Common.Infrastructure\Common.Infrastructure\Common.Infrastructure.csproj", "{57F970C9-D48E-4CFC-98CD-ADA8B8B733FF}"
EndProject
Project("{2150E333-8FDC-42A3-9474-1A3956D46DE8}") = "tests", "tests", "{0AB3BF05-4346-4AA6-1389-037BE0695223}"
EndProject
Project("{FAE04EC0-301F-11D3-BF4B-00C04F79EFBC}") = "UserService.Tests", "tests\UserService.Tests\UserService.Tests.csproj", "{854CEE70-477F-40FB-9C2B-1D050EAB7B51}"
EndProject
Project("{FAE04EC0-301F-11D3-BF4B-00C04F79EFBC}") = "WalletService.Tests", "tests\WalletService.Tests\WalletService.Tests.csproj", "{FDE34CA4-77AA-4487-B886-55EB8E3BA5E3}"
EndProject
Project("{FAE04EC0-301F-11D3-BF4B-00C04F79EFBC}") = "PaymentService.Tests", "tests\PaymentService.Tests\PaymentService.Tests.csproj", "{91E3E667-81C5-4DEF-9A59-917FA46BC3FE}"
EndProject
Project("{FAE04EC0-301F-11D3-BF4B-00C04F79EFBC}") = "IntegrationTests", "tests\IntegrationTests\IntegrationTests.csproj", "{01B808F5-659A-443E-AE4E-6C8B82998846}"
EndProject
Global
	GlobalSection(SolutionConfigurationPlatforms) = preSolution
		Debug|Any CPU = Debug|Any CPU
		Debug|x64 = Debug|x64
		Debug|x86 = Debug|x86
		Release|Any CPU = Release|Any CPU
		Release|x64 = Release|x64
		Release|x86 = Release|x86
	EndGlobalSection
	GlobalSection(ProjectConfigurationPlatforms) = postSolution
		{9CDF4CF0-D5EC-4B2E-A57F-7FE8C89718FF}.Debug|Any CPU.ActiveCfg = Debug|Any CPU
		{9CDF4CF0-D5EC-4B2E-A57F-7FE8C89718FF}.Debug|Any CPU.Build.0 = Debug|Any CPU
		{9CDF4CF0-D5EC-4B2E-A57F-7FE8C89718FF}.Debug|x64.ActiveCfg = Debug|Any CPU
		{9CDF4CF0-D5EC-4B2E-A57F-7FE8C89718FF}.Debug|x64.Build.0 = Debug|Any CPU
		{9CDF4CF0-D5EC-4B2E-A57F-7FE8C89718FF}.Debug|x86.ActiveCfg = Debug|Any CPU
		{9CDF4CF0-D5EC-4B2E-A57F-7FE8C89718FF}.Debug|x86.Build.0 = Debug|Any CPU
		{9CDF4CF0-D5EC-4B2E-A57F-7FE8C89718FF}.Release|Any CPU.ActiveCfg = Release|Any CPU
		{9CDF4CF0-D5EC-4B2E-A57F-7FE8C89718FF}.Release|Any CPU.Build.0 = Release|Any CPU
		{9CDF4CF0-D5EC-4B2E-A57F-7FE8C89718FF}.Release|x64.ActiveCfg = Release|Any CPU
		{9CDF4CF0-D5EC-4B2E-A57F-7FE8C89718FF}.Release|x64.Build.0 = Release|Any CPU
		{9CDF4CF0-D5EC-4B2E-A57F-7FE8C89718FF}.Release|x86.ActiveCfg = Release|Any CPU
		{9CDF4CF0-D5EC-4B2E-A57F-7FE8C89718FF}.Release|x86.Build.0 = Release|Any CPU
		{CFC778A2-9881-4FE8-9317-4523C2A8E565}.Debug|Any CPU.ActiveCfg = Debug|Any CPU
		{CFC778A2-9881-4FE8-9317-4523C2A8E565}.Debug|Any CPU.Build.0 = Debug|Any CPU
		{CFC778A2-9881-4FE8-9317-4523C2A8E565}.Debug|x64.ActiveCfg = Debug|Any CPU
		{CFC778A2-9881-4FE8-9317-4523C2A8E565}.Debug|x64.Build.0 = Debug|Any CPU
		{CFC778A2-9881-4FE8-9317-4523C2A8E565}.Debug|x86.ActiveCfg = Debug|Any CPU
		{CFC778A2-9881-4FE8-9317-4523C2A8E565}.Debug|x86.Build.0 = Debug|Any CPU
		{CFC778A2-9881-4FE8-9317-4523C2A8E565}.Release|Any CPU.ActiveCfg = Release|Any CPU
		{CFC778A2-9881-4FE8-9317-4523C2A8E565}.Release|Any CPU.Build.0 = Release|Any CPU
		{CFC778A2-9881-4FE8-9317-4523C2A8E565}.Release|x64.ActiveCfg = Release|Any CPU
		{CFC778A2-9881-4FE8-9317-4523C2A8E565}.Release|x64.Build.0 = Release|Any CPU
		{CFC778A2-9881-4FE8-9317-4523C2A8E565}.Release|x86.ActiveCfg = Release|Any CPU
		{CFC778A2-9881-4FE8-9317-4523C2A8E565}.Release|x86.Build.0 = Release|Any CPU
		{900002CB-6BE0-41C6-883D-2B6DDA3E0978}.Debug|Any CPU.ActiveCfg = Debug|Any CPU
		{900002CB-6BE0-41C6-883D-2B6DDA3E0978}.Debug|Any CPU.Build.0 = Debug|Any CPU
		{900002CB-6BE0-41C6-883D-2B6DDA3E0978}.Debug|x64.ActiveCfg = Debug|Any CPU
		{900002CB-6BE0-41C6-883D-2B6DDA3E0978}.Debug|x64.Build.0 = Debug|Any CPU
		{900002CB-6BE0-41C6-883D-2B6DDA3E0978}.Debug|x86.ActiveCfg = Debug|Any CPU
		{900002CB-6BE0-41C6-883D-2B6DDA3E0978}.Debug|x86.Build.0 = Debug|Any CPU
		{900002CB-6BE0-41C6-883D-2B6DDA3E0978}.Release|Any CPU.ActiveCfg = Release|Any CPU
		{900002CB-6BE0-41C6-883D-2B6DDA3E0978}.Release|Any CPU.Build.0 = Release|Any CPU
		{900002CB-6BE0-41C6-883D-2B6DDA3E0978}.Release|x64.ActiveCfg = Release|Any CPU
		{900002CB-6BE0-41C6-883D-2B6DDA3E0978}.Release|x64.Build.0 = Release|Any CPU
		{900002CB-6BE0-41C6-883D-2B6DDA3E0978}.Release|x86.ActiveCfg = Release|Any CPU
		{900002CB-6BE0-41C6-883D-2B6DDA3E0978}.Release|x86.Build.0 = Release|Any CPU
		{400BC518-6974-4DB5-B228-620B6E7294EE}.Debug|Any CPU.ActiveCfg = Debug|Any CPU
		{400BC518-6974-4DB5-B228-620B6E7294EE}.Debug|Any CPU.Build.0 = Debug|Any CPU
		{400BC518-6974-4DB5-B228-620B6E7294EE}.Debug|x64.ActiveCfg = Debug|Any CPU
		{400BC518-6974-4DB5-B228-620B6E7294EE}.Debug|x64.Build.0 = Debug|Any CPU
		{400BC518-6974-4DB5-B228-620B6E7294EE}.Debug|x86.ActiveCfg = Debug|Any CPU
		{400BC518-6974-4DB5-B228-620B6E7294EE}.Debug|x86.Build.0 = Debug|Any CPU
		{400BC518-6974-4DB5-B228-620B6E7294EE}.Release|Any CPU.ActiveCfg = Release|Any CPU
		{400BC518-6974-4DB5-B228-620B6E7294EE}.Release|Any CPU.Build.0 = Release|Any CPU
		{400BC518-6974-4DB5-B228-620B6E7294EE}.Release|x64.ActiveCfg = Release|Any CPU
		{400BC518-6974-4DB5-B228-620B6E7294EE}.Release|x64.Build.0 = Release|Any CPU
		{400BC518-6974-4DB5-B228-620B6E7294EE}.Release|x86.ActiveCfg = Release|Any CPU
		{400BC518-6974-4DB5-B228-620B6E7294EE}.Release|x86.Build.0 = Release|Any CPU
		{E06E7958-6AAA-4B04-9D0E-E2C9DF5F8E91}.Debug|Any CPU.ActiveCfg = Debug|Any CPU
		{E06E7958-6AAA-4B04-9D0E-E2C9DF5F8E91}.Debug|Any CPU.Build.0 = Debug|Any CPU
		{E06E7958-6AAA-4B04-9D0E-E2C9DF5F8E91}.Debug|x64.ActiveCfg = Debug|Any CPU
		{E06E7958-6AAA-4B04-9D0E-E2C9DF5F8E91}.Debug|x64.Build.0 = Debug|Any CPU
		{E06E7958-6AAA-4B04-9D0E-E2C9DF5F8E91}.Debug|x86.ActiveCfg = Debug|Any CPU
		{E06E7958-6AAA-4B04-9D0E-E2C9DF5F8E91}.Debug|x86.Build.0 = Debug|Any CPU
		{E06E7958-6AAA-4B04-9D0E-E2C9DF5F8E91}.Release|Any CPU.ActiveCfg = Release|Any CPU
		{E06E7958-6AAA-4B04-9D0E-E2C9DF5F8E91}.Release|Any CPU.Build.0 = Release|Any CPU
		{E06E7958-6AAA-4B04-9D0E-E2C9DF5F8E91}.Release|x64.ActiveCfg = Release|Any CPU
		{E06E7958-6AAA-4B04-9D0E-E2C9DF5F8E91}.Release|x64.Build.0 = Release|Any CPU
		{E06E7958-6AAA-4B04-9D0E-E2C9DF5F8E91}.Release|x86.ActiveCfg = Release|Any CPU
		{E06E7958-6AAA-4B04-9D0E-E2C9DF5F8E91}.Release|x86.Build.0 = Release|Any CPU
		{CC7606D4-92B1-4ED3-BA58-540E55D97697}.Debug|Any CPU.ActiveCfg = Debug|Any CPU
		{CC7606D4-92B1-4ED3-BA58-540E55D97697}.Debug|Any CPU.Build.0 = Debug|Any CPU
		{CC7606D4-92B1-4ED3-BA58-540E55D97697}.Debug|x64.ActiveCfg = Debug|Any CPU
		{CC7606D4-92B1-4ED3-BA58-540E55D97697}.Debug|x64.Build.0 = Debug|Any CPU
		{CC7606D4-92B1-4ED3-BA58-540E55D97697}.Debug|x86.ActiveCfg = Debug|Any CPU
		{CC7606D4-92B1-4ED3-BA58-540E55D97697}.Debug|x86.Build.0 = Debug|Any CPU
		{CC7606D4-92B1-4ED3-BA58-540E55D97697}.Release|Any CPU.ActiveCfg = Release|Any CPU
		{CC7606D4-92B1-4ED3-BA58-540E55D97697}.Release|Any CPU.Build.0 = Release|Any CPU
		{CC7606D4-92B1-4ED3-BA58-540E55D97697}.Release|x64.ActiveCfg = Release|Any CPU
		{CC7606D4-92B1-4ED3-BA58-540E55D97697}.Release|x64.Build.0 = Release|Any CPU
		{CC7606D4-92B1-4ED3-BA58-540E55D97697}.Release|x86.ActiveCfg = Release|Any CPU
		{CC7606D4-92B1-4ED3-BA58-540E55D97697}.Release|x86.Build.0 = Release|Any CPU
		{30F6DE38-335C-4DF7-B551-625E94CE3C06}.Debug|Any CPU.ActiveCfg = Debug|Any CPU
		{30F6DE38-335C-4DF7-B551-625E94CE3C06}.Debug|Any CPU.Build.0 = Debug|Any CPU
		{30F6DE38-335C-4DF7-B551-625E94CE3C06}.Debug|x64.ActiveCfg = Debug|Any CPU
		{30F6DE38-335C-4DF7-B551-625E94CE3C06}.Debug|x64.Build.0 = Debug|Any CPU
		{30F6DE38-335C-4DF7-B551-625E94CE3C06}.Debug|x86.ActiveCfg = Debug|Any CPU
		{30F6DE38-335C-4DF7-B551-625E94CE3C06}.Debug|x86.Build.0 = Debug|Any CPU
		{30F6DE38-335C-4DF7-B551-625E94CE3C06}.Release|Any CPU.ActiveCfg = Release|Any CPU
		{30F6DE38-335C-4DF7-B551-625E94CE3C06}.Release|Any CPU.Build.0 = Release|Any CPU
		{30F6DE38-335C-4DF7-B551-625E94CE3C06}.Release|x64.ActiveCfg = Release|Any CPU
		{30F6DE38-335C-4DF7-B551-625E94CE3C06}.Release|x64.Build.0 = Release|Any CPU
		{30F6DE38-335C-4DF7-B551-625E94CE3C06}.Release|x86.ActiveCfg = Release|Any CPU
		{30F6DE38-335C-4DF7-B551-625E94CE3C06}.Release|x86.Build.0 = Release|Any CPU
		{5F270271-C303-4D0C-81AD-AE00681ECC4A}.Debug|Any CPU.ActiveCfg = Debug|Any CPU
		{5F270271-C303-4D0C-81AD-AE00681ECC4A}.Debug|Any CPU.Build.0 = Debug|Any CPU
		{5F270271-C303-4D0C-81AD-AE00681ECC4A}.Debug|x64.ActiveCfg = Debug|Any CPU
		{5F270271-C303-4D0C-81AD-AE00681ECC4A}.Debug|x64.Build.0 = Debug|Any CPU
		{5F270271-C303-4D0C-81AD-AE00681ECC4A}.Debug|x86.ActiveCfg = Debug|Any CPU
		{5F270271-C303-4D0C-81AD-AE00681ECC4A}.Debug|x86.Build.0 = Debug|Any CPU
		{5F270271-C303-4D0C-81AD-AE00681ECC4A}.Release|Any CPU.ActiveCfg = Release|Any CPU
		{5F270271-C303-4D0C-81AD-AE00681ECC4A}.Release|Any CPU.Build.0 = Release|Any CPU
		{5F270271-C303-4D0C-81AD-AE00681ECC4A}.Release|x64.ActiveCfg = Release|Any CPU
		{5F270271-C303-4D0C-81AD-AE00681ECC4A}.Release|x64.Build.0 = Release|Any CPU
		{5F270271-C303-4D0C-81AD-AE00681ECC4A}.Release|x86.ActiveCfg = Release|Any CPU
		{5F270271-C303-4D0C-81AD-AE00681ECC4A}.Release|x86.Build.0 = Release|Any CPU
		{CAC1A20D-3833-4042-AB69-CADCEDB6E383}.Debug|Any CPU.ActiveCfg = Debug|Any CPU
		{CAC1A20D-3833-4042-AB69-CADCEDB6E383}.Debug|Any CPU.Build.0 = Debug|Any CPU
		{CAC1A20D-3833-4042-AB69-CADCEDB6E383}.Debug|x64.ActiveCfg = Debug|Any CPU
		{CAC1A20D-3833-4042-AB69-CADCEDB6E383}.Debug|x64.Build.0 = Debug|Any CPU
		{CAC1A20D-3833-4042-AB69-CADCEDB6E383}.Debug|x86.ActiveCfg = Debug|Any CPU
		{CAC1A20D-3833-4042-AB69-CADCEDB6E383}.Debug|x86.Build.0 = Debug|Any CPU
		{CAC1A20D-3833-4042-AB69-CADCEDB6E383}.Release|Any CPU.ActiveCfg = Release|Any CPU
		{CAC1A20D-3833-4042-AB69-CADCEDB6E383}.Release|Any CPU.Build.0 = Release|Any CPU
		{CAC1A20D-3833-4042-AB69-CADCEDB6E383}.Release|x64.ActiveCfg = Release|Any CPU
		{CAC1A20D-3833-4042-AB69-CADCEDB6E383}.Release|x64.Build.0 = Release|Any CPU
		{CAC1A20D-3833-4042-AB69-CADCEDB6E383}.Release|x86.ActiveCfg = Release|Any CPU
		{CAC1A20D-3833-4042-AB69-CADCEDB6E383}.Release|x86.Build.0 = Release|Any CPU
		{AF9C5E79-43B9-43FF-8D46-002C06739424}.Debug|Any CPU.ActiveCfg = Debug|Any CPU
		{AF9C5E79-43B9-43FF-8D46-002C06739424}.Debug|Any CPU.Build.0 = Debug|Any CPU
		{AF9C5E79-43B9-43FF-8D46-002C06739424}.Debug|x64.ActiveCfg = Debug|Any CPU
		{AF9C5E79-43B9-43FF-8D46-002C06739424}.Debug|x64.Build.0 = Debug|Any CPU
		{AF9C5E79-43B9-43FF-8D46-002C06739424}.Debug|x86.ActiveCfg = Debug|Any CPU
		{AF9C5E79-43B9-43FF-8D46-002C06739424}.Debug|x86.Build.0 = Debug|Any CPU
		{AF9C5E79-43B9-43FF-8D46-002C06739424}.Release|Any CPU.ActiveCfg = Release|Any CPU
		{AF9C5E79-43B9-43FF-8D46-002C06739424}.Release|Any CPU.Build.0 = Release|Any CPU
		{AF9C5E79-43B9-43FF-8D46-002C06739424}.Release|x64.ActiveCfg = Release|Any CPU
		{AF9C5E79-43B9-43FF-8D46-002C06739424}.Release|x64.Build.0 = Release|Any CPU
		{AF9C5E79-43B9-43FF-8D46-002C06739424}.Release|x86.ActiveCfg = Release|Any CPU
		{AF9C5E79-43B9-43FF-8D46-002C06739424}.Release|x86.Build.0 = Release|Any CPU
		{BB18BB2E-4CAC-480F-A576-5C4AFF539F18}.Debug|Any CPU.ActiveCfg = Debug|Any CPU
		{BB18BB2E-4CAC-480F-A576-5C4AFF539F18}.Debug|Any CPU.Build.0 = Debug|Any CPU
		{BB18BB2E-4CAC-480F-A576-5C4AFF539F18}.Debug|x64.ActiveCfg = Debug|Any CPU
		{BB18BB2E-4CAC-480F-A576-5C4AFF539F18}.Debug|x64.Build.0 = Debug|Any CPU
		{BB18BB2E-4CAC-480F-A576-5C4AFF539F18}.Debug|x86.ActiveCfg = Debug|Any CPU
		{BB18BB2E-4CAC-480F-A576-5C4AFF539F18}.Debug|x86.Build.0 = Debug|Any CPU
		{BB18BB2E-4CAC-480F-A576-5C4AFF539F18}.Release|Any CPU.ActiveCfg = Release|Any CPU
		{BB18BB2E-4CAC-480F-A576-5C4AFF539F18}.Release|Any CPU.Build.0 = Release|Any CPU
		{BB18BB2E-4CAC-480F-A576-5C4AFF539F18}.Release|x64.ActiveCfg = Release|Any CPU
		{BB18BB2E-4CAC-480F-A576-5C4AFF539F18}.Release|x64.Build.0 = Release|Any CPU
		{BB18BB2E-4CAC-480F-A576-5C4AFF539F18}.Release|x86.ActiveCfg = Release|Any CPU
		{BB18BB2E-4CAC-480F-A576-5C4AFF539F18}.Release|x86.Build.0 = Release|Any CPU
		{5CA39302-304C-44E9-8717-93B2049EEBEC}.Debug|Any CPU.ActiveCfg = Debug|Any CPU
		{5CA39302-304C-44E9-8717-93B2049EEBEC}.Debug|Any CPU.Build.0 = Debug|Any CPU
		{5CA39302-304C-44E9-8717-93B2049EEBEC}.Debug|x64.ActiveCfg = Debug|Any CPU
		{5CA39302-304C-44E9-8717-93B2049EEBEC}.Debug|x64.Build.0 = Debug|Any CPU
		{5CA39302-304C-44E9-8717-93B2049EEBEC}.Debug|x86.ActiveCfg = Debug|Any CPU
		{5CA39302-304C-44E9-8717-93B2049EEBEC}.Debug|x86.Build.0 = Debug|Any CPU
		{5CA39302-304C-44E9-8717-93B2049EEBEC}.Release|Any CPU.ActiveCfg = Release|Any CPU
		{5CA39302-304C-44E9-8717-93B2049EEBEC}.Release|Any CPU.Build.0 = Release|Any CPU
		{5CA39302-304C-44E9-8717-93B2049EEBEC}.Release|x64.ActiveCfg = Release|Any CPU
		{5CA39302-304C-44E9-8717-93B2049EEBEC}.Release|x64.Build.0 = Release|Any CPU
		{5CA39302-304C-44E9-8717-93B2049EEBEC}.Release|x86.ActiveCfg = Release|Any CPU
		{5CA39302-304C-44E9-8717-93B2049EEBEC}.Release|x86.Build.0 = Release|Any CPU
		{ED6E1A74-68D7-46F8-9425-2B62A053B438}.Debug|Any CPU.ActiveCfg = Debug|Any CPU
		{ED6E1A74-68D7-46F8-9425-2B62A053B438}.Debug|Any CPU.Build.0 = Debug|Any CPU
		{ED6E1A74-68D7-46F8-9425-2B62A053B438}.Debug|x64.ActiveCfg = Debug|Any CPU
		{ED6E1A74-68D7-46F8-9425-2B62A053B438}.Debug|x64.Build.0 = Debug|Any CPU
		{ED6E1A74-68D7-46F8-9425-2B62A053B438}.Debug|x86.ActiveCfg = Debug|Any CPU
		{ED6E1A74-68D7-46F8-9425-2B62A053B438}.Debug|x86.Build.0 = Debug|Any CPU
		{ED6E1A74-68D7-46F8-9425-2B62A053B438}.Release|Any CPU.ActiveCfg = Release|Any CPU
		{ED6E1A74-68D7-46F8-9425-2B62A053B438}.Release|Any CPU.Build.0 = Release|Any CPU
		{ED6E1A74-68D7-46F8-9425-2B62A053B438}.Release|x64.ActiveCfg = Release|Any CPU
		{ED6E1A74-68D7-46F8-9425-2B62A053B438}.Release|x64.Build.0 = Release|Any CPU
		{ED6E1A74-68D7-46F8-9425-2B62A053B438}.Release|x86.ActiveCfg = Release|Any CPU
		{ED6E1A74-68D7-46F8-9425-2B62A053B438}.Release|x86.Build.0 = Release|Any CPU
		{F9D6879A-D050-4AAB-AB2D-C7733FC34C35}.Debug|Any CPU.ActiveCfg = Debug|Any CPU
		{F9D6879A-D050-4AAB-AB2D-C7733FC34C35}.Debug|Any CPU.Build.0 = Debug|Any CPU
		{F9D6879A-D050-4AAB-AB2D-C7733FC34C35}.Debug|x64.ActiveCfg = Debug|Any CPU
		{F9D6879A-D050-4AAB-AB2D-C7733FC34C35}.Debug|x64.Build.0 = Debug|Any CPU
		{F9D6879A-D050-4AAB-AB2D-C7733FC34C35}.Debug|x86.ActiveCfg = Debug|Any CPU
		{F9D6879A-D050-4AAB-AB2D-C7733FC34C35}.Debug|x86.Build.0 = Debug|Any CPU
		{F9D6879A-D050-4AAB-AB2D-C7733FC34C35}.Release|Any CPU.ActiveCfg = Release|Any CPU
		{F9D6879A-D050-4AAB-AB2D-C7733FC34C35}.Release|Any CPU.Build.0 = Release|Any CPU
		{F9D6879A-D050-4AAB-AB2D-C7733FC34C35}.Release|x64.ActiveCfg = Release|Any CPU
		{F9D6879A-D050-4AAB-AB2D-C7733FC34C35}.Release|x64.Build.0 = Release|Any CPU
		{F9D6879A-D050-4AAB-AB2D-C7733FC34C35}.Release|x86.ActiveCfg = Release|Any CPU
		{F9D6879A-D050-4AAB-AB2D-C7733FC34C35}.Release|x86.Build.0 = Release|Any CPU
		{57F970C9-D48E-4CFC-98CD-ADA8B8B733FF}.Debug|Any CPU.ActiveCfg = Debug|Any CPU
		{57F970C9-D48E-4CFC-98CD-ADA8B8B733FF}.Debug|Any CPU.Build.0 = Debug|Any CPU
		{57F970C9-D48E-4CFC-98CD-ADA8B8B733FF}.Debug|x64.ActiveCfg = Debug|Any CPU
		{57F970C9-D48E-4CFC-98CD-ADA8B8B733FF}.Debug|x64.Build.0 = Debug|Any CPU
		{57F970C9-D48E-4CFC-98CD-ADA8B8B733FF}.Debug|x86.ActiveCfg = Debug|Any CPU
		{57F970C9-D48E-4CFC-98CD-ADA8B8B733FF}.Debug|x86.Build.0 = Debug|Any CPU
		{57F970C9-D48E-4CFC-98CD-ADA8B8B733FF}.Release|Any CPU.ActiveCfg = Release|Any CPU
		{57F970C9-D48E-4CFC-98CD-ADA8B8B733FF}.Release|Any CPU.Build.0 = Release|Any CPU
		{57F970C9-D48E-4CFC-98CD-ADA8B8B733FF}.Release|x64.ActiveCfg = Release|Any CPU
		{57F970C9-D48E-4CFC-98CD-ADA8B8B733FF}.Release|x64.Build.0 = Release|Any CPU
		{57F970C9-D48E-4CFC-98CD-ADA8B8B733FF}.Release|x86.ActiveCfg = Release|Any CPU
		{57F970C9-D48E-4CFC-98CD-ADA8B8B733FF}.Release|x86.Build.0 = Release|Any CPU
		{854CEE70-477F-40FB-9C2B-1D050EAB7B51}.Debug|Any CPU.ActiveCfg = Debug|Any CPU
		{854CEE70-477F-40FB-9C2B-1D050EAB7B51}.Debug|Any CPU.Build.0 = Debug|Any CPU
		{854CEE70-477F-40FB-9C2B-1D050EAB7B51}.Debug|x64.ActiveCfg = Debug|Any CPU
		{854CEE70-477F-40FB-9C2B-1D050EAB7B51}.Debug|x64.Build.0 = Debug|Any CPU
		{854CEE70-477F-40FB-9C2B-1D050EAB7B51}.Debug|x86.ActiveCfg = Debug|Any CPU
		{854CEE70-477F-40FB-9C2B-1D050EAB7B51}.Debug|x86.Build.0 = Debug|Any CPU
		{854CEE70-477F-40FB-9C2B-1D050EAB7B51}.Release|Any CPU.ActiveCfg = Release|Any CPU
		{854CEE70-477F-40FB-9C2B-1D050EAB7B51}.Release|Any CPU.Build.0 = Release|Any CPU
		{854CEE70-477F-40FB-9C2B-1D050EAB7B51}.Release|x64.ActiveCfg = Release|Any CPU
		{854CEE70-477F-40FB-9C2B-1D050EAB7B51}.Release|x64.Build.0 = Release|Any CPU
		{854CEE70-477F-40FB-9C2B-1D050EAB7B51}.Release|x86.ActiveCfg = Release|Any CPU
		{854CEE70-477F-40FB-9C2B-1D050EAB7B51}.Release|x86.Build.0 = Release|Any CPU
		{FDE34CA4-77AA-4487-B886-55EB8E3BA5E3}.Debug|Any CPU.ActiveCfg = Debug|Any CPU
		{FDE34CA4-77AA-4487-B886-55EB8E3BA5E3}.Debug|Any CPU.Build.0 = Debug|Any CPU
		{FDE34CA4-77AA-4487-B886-55EB8E3BA5E3}.Debug|x64.ActiveCfg = Debug|Any CPU
		{FDE34CA4-77AA-4487-B886-55EB8E3BA5E3}.Debug|x64.Build.0 = Debug|Any CPU
		{FDE34CA4-77AA-4487-B886-55EB8E3BA5E3}.Debug|x86.ActiveCfg = Debug|Any CPU
		{FDE34CA4-77AA-4487-B886-55EB8E3BA5E3}.Debug|x86.Build.0 = Debug|Any CPU
		{FDE34CA4-77AA-4487-B886-55EB8E3BA5E3}.Release|Any CPU.ActiveCfg = Release|Any CPU
		{FDE34CA4-77AA-4487-B886-55EB8E3BA5E3}.Release|Any CPU.Build.0 = Release|Any CPU
		{FDE34CA4-77AA-4487-B886-55EB8E3BA5E3}.Release|x64.ActiveCfg = Release|Any CPU
		{FDE34CA4-77AA-4487-B886-55EB8E3BA5E3}.Release|x64.Build.0 = Release|Any CPU
		{FDE34CA4-77AA-4487-B886-55EB8E3BA5E3}.Release|x86.ActiveCfg = Release|Any CPU
		{FDE34CA4-77AA-4487-B886-55EB8E3BA5E3}.Release|x86.Build.0 = Release|Any CPU
		{91E3E667-81C5-4DEF-9A59-917FA46BC3FE}.Debug|Any CPU.ActiveCfg = Debug|Any CPU
		{91E3E667-81C5-4DEF-9A59-917FA46BC3FE}.Debug|Any CPU.Build.0 = Debug|Any CPU
		{91E3E667-81C5-4DEF-9A59-917FA46BC3FE}.Debug|x64.ActiveCfg = Debug|Any CPU
		{91E3E667-81C5-4DEF-9A59-917FA46BC3FE}.Debug|x64.Build.0 = Debug|Any CPU
		{91E3E667-81C5-4DEF-9A59-917FA46BC3FE}.Debug|x86.ActiveCfg = Debug|Any CPU
		{91E3E667-81C5-4DEF-9A59-917FA46BC3FE}.Debug|x86.Build.0 = Debug|Any CPU
		{91E3E667-81C5-4DEF-9A59-917FA46BC3FE}.Release|Any CPU.ActiveCfg = Release|Any CPU
		{91E3E667-81C5-4DEF-9A59-917FA46BC3FE}.Release|Any CPU.Build.0 = Release|Any CPU
		{91E3E667-81C5-4DEF-9A59-917FA46BC3FE}.Release|x64.ActiveCfg = Release|Any CPU
		{91E3E667-81C5-4DEF-9A59-917FA46BC3FE}.Release|x64.Build.0 = Release|Any CPU
		{91E3E667-81C5-4DEF-9A59-917FA46BC3FE}.Release|x86.ActiveCfg = Release|Any CPU
		{91E3E667-81C5-4DEF-9A59-917FA46BC3FE}.Release|x86.Build.0 = Release|Any CPU
		{01B808F5-659A-443E-AE4E-6C8B82998846}.Debug|Any CPU.ActiveCfg = Debug|Any CPU
		{01B808F5-659A-443E-AE4E-6C8B82998846}.Debug|Any CPU.Build.0 = Debug|Any CPU
		{01B808F5-659A-443E-AE4E-6C8B82998846}.Debug|x64.ActiveCfg = Debug|Any CPU
		{01B808F5-659A-443E-AE4E-6C8B82998846}.Debug|x64.Build.0 = Debug|Any CPU
		{01B808F5-659A-443E-AE4E-6C8B82998846}.Debug|x86.ActiveCfg = Debug|Any CPU
		{01B808F5-659A-443E-AE4E-6C8B82998846}.Debug|x86.Build.0 = Debug|Any CPU
		{01B808F5-659A-443E-AE4E-6C8B82998846}.Release|Any CPU.ActiveCfg = Release|Any CPU
		{01B808F5-659A-443E-AE4E-6C8B82998846}.Release|Any CPU.Build.0 = Release|Any CPU
		{01B808F5-659A-443E-AE4E-6C8B82998846}.Release|x64.ActiveCfg = Release|Any CPU
		{01B808F5-659A-443E-AE4E-6C8B82998846}.Release|x64.Build.0 = Release|Any CPU
		{01B808F5-659A-443E-AE4E-6C8B82998846}.Release|x86.ActiveCfg = Release|Any CPU
		{01B808F5-659A-443E-AE4E-6C8B82998846}.Release|x86.Build.0 = Release|Any CPU
	EndGlobalSection
	GlobalSection(SolutionProperties) = preSolution
		HideSolutionNode = FALSE
	EndGlobalSection
	GlobalSection(NestedProjects) = preSolution
		{984BB9B3-3FA3-BE33-9484-CAC21695A33C} = {827E0CD3-B72D-47B6-A68D-7590B98EB39B}
		{A52FF9A7-1006-A729-7F26-021652E10080} = {984BB9B3-3FA3-BE33-9484-CAC21695A33C}
		{9CDF4CF0-D5EC-4B2E-A57F-7FE8C89718FF} = {A52FF9A7-1006-A729-7F26-021652E10080}
		{CFC778A2-9881-4FE8-9317-4523C2A8E565} = {A52FF9A7-1006-A729-7F26-021652E10080}
		{900002CB-6BE0-41C6-883D-2B6DDA3E0978} = {A52FF9A7-1006-A729-7F26-021652E10080}
		{3EE63175-EA2E-F0C0-7D3B-EF47A32A04AC} = {984BB9B3-3FA3-BE33-9484-CAC21695A33C}
		{400BC518-6974-4DB5-B228-620B6E7294EE} = {3EE63175-EA2E-F0C0-7D3B-EF47A32A04AC}
		{E06E7958-6AAA-4B04-9D0E-E2C9DF5F8E91} = {3EE63175-EA2E-F0C0-7D3B-EF47A32A04AC}
		{CC7606D4-92B1-4ED3-BA58-540E55D97697} = {3EE63175-EA2E-F0C0-7D3B-EF47A32A04AC}
		{40CB294E-2A2C-AA7D-5466-10F40F0DAD4F} = {984BB9B3-3FA3-BE33-9484-CAC21695A33C}
		{30F6DE38-335C-4DF7-B551-625E94CE3C06} = {40CB294E-2A2C-AA7D-5466-10F40F0DAD4F}
		{5F270271-C303-4D0C-81AD-AE00681ECC4A} = {40CB294E-2A2C-AA7D-5466-10F40F0DAD4F}
		{CAC1A20D-3833-4042-AB69-CADCEDB6E383} = {40CB294E-2A2C-AA7D-5466-10F40F0DAD4F}
		{47931FAB-DBE1-FD8F-0AFF-2CD4B99C52C4} = {984BB9B3-3FA3-BE33-9484-CAC21695A33C}
		{AF9C5E79-43B9-43FF-8D46-002C06739424} = {47931FAB-DBE1-FD8F-0AFF-2CD4B99C52C4}
		{BB18BB2E-4CAC-480F-A576-5C4AFF539F18} = {47931FAB-DBE1-FD8F-0AFF-2CD4B99C52C4}
		{5CA39302-304C-44E9-8717-93B2049EEBEC} = {47931FAB-DBE1-FD8F-0AFF-2CD4B99C52C4}
		{FCA01246-F2C6-0AA7-D43F-FD13BE0B9D88} = {827E0CD3-B72D-47B6-A68D-7590B98EB39B}
		{ED6E1A74-68D7-46F8-9425-2B62A053B438} = {FCA01246-F2C6-0AA7-D43F-FD13BE0B9D88}
		{C8E42992-5E42-0C2B-DBFE-AA848D06431C} = {827E0CD3-B72D-47B6-A68D-7590B98EB39B}
		{99DA0D62-1FFF-EB8C-FA49-C94694C2E509} = {C8E42992-5E42-0C2B-DBFE-AA848D06431C}
		{F9D6879A-D050-4AAB-AB2D-C7733FC34C35} = {99DA0D62-1FFF-EB8C-FA49-C94694C2E509}
		{DF71C681-1998-2218-2817-E548EDC519FB} = {C8E42992-5E42-0C2B-DBFE-AA848D06431C}
		{57F970C9-D48E-4CFC-98CD-ADA8B8B733FF} = {DF71C681-1998-2218-2817-E548EDC519FB}
		{854CEE70-477F-40FB-9C2B-1D050EAB7B51} = {0AB3BF05-4346-4AA6-1389-037BE0695223}
		{FDE34CA4-77AA-4487-B886-55EB8E3BA5E3} = {0AB3BF05-4346-4AA6-1389-037BE0695223}
		{91E3E667-81C5-4DEF-9A59-917FA46BC3FE} = {0AB3BF05-4346-4AA6-1389-037BE0695223}
		{01B808F5-659A-443E-AE4E-6C8B82998846} = {0AB3BF05-4346-4AA6-1389-037BE0695223}
	EndGlobalSection
EndGlobal
